
Microsoft Visual Studio Solution File, Format Version 12.00
# Visual Studio Version 16
VisualStudioVersion = 16.0.31515.178
MinimumVisualStudioVersion = 10.0.40219.1
Project("{FAE04EC0-301F-11D3-BF4B-00C04F79EFBC}") = "C21_Ex01_01", "C21_Ex01_01\C21_Ex01_01.csproj", "{953DD507-64CA-4EC9-AA6D-B016CDEA9FAD}"
EndProject
Project("{FAE04EC0-301F-11D3-BF4B-00C04F79EFBC}") = "C21_Ex01_02", "C21_Ex01_02\C21_Ex01_02.csproj", "{74C43A10-E62A-4706-BE96-81C22CC03861}"
EndProject
Project("{FAE04EC0-301F-11D3-BF4B-00C04F79EFBC}") = "C21_Ex01.03", "C21_Ex01_03\C21_Ex01.03.csproj", "{C7BCBEFC-4F19-478E-AD87-84FFB4909929}"
EndProject
Project("{FAE04EC0-301F-11D3-BF4B-00C04F79EFBC}") = "C21_Ex01_06", "C21_Ex01_06\C21_Ex01_06.csproj", "{0760E77B-38F2-48DE-A2FB-EEA8D8BEAE53}"
EndProject
Project("{FAE04EC0-301F-11D3-BF4B-00C04F79EFBC}") = "C21_Ex01_04", "C21_Ex01_04\C21_Ex01_04.csproj", "{27E81E47-89E2-4932-82FC-300EB1588ABE}"
EndProject
Global
	GlobalSection(SolutionConfigurationPlatforms) = preSolution
		Debug|Any CPU = Debug|Any CPU
		Release|Any CPU = Release|Any CPU
	EndGlobalSection
	GlobalSection(ProjectConfigurationPlatforms) = postSolution
		{953DD507-64CA-4EC9-AA6D-B016CDEA9FAD}.Debug|Any CPU.ActiveCfg = Debug|Any CPU
		{953DD507-64CA-4EC9-AA6D-B016CDEA9FAD}.Debug|Any CPU.Build.0 = Debug|Any CPU
		{953DD507-64CA-4EC9-AA6D-B016CDEA9FAD}.Release|Any CPU.ActiveCfg = Release|Any CPU
		{953DD507-64CA-4EC9-AA6D-B016CDEA9FAD}.Release|Any CPU.Build.0 = Release|Any CPU
		{74C43A10-E62A-4706-BE96-81C22CC03861}.Debug|Any CPU.ActiveCfg = Debug|Any CPU
		{74C43A10-E62A-4706-BE96-81C22CC03861}.Debug|Any CPU.Build.0 = Debug|Any CPU
		{74C43A10-E62A-4706-BE96-81C22CC03861}.Release|Any CPU.ActiveCfg = Release|Any CPU
		{74C43A10-E62A-4706-BE96-81C22CC03861}.Release|Any CPU.Build.0 = Release|Any CPU
		{C7BCBEFC-4F19-478E-AD87-84FFB4909929}.Debug|Any CPU.ActiveCfg = Debug|Any CPU
		{C7BCBEFC-4F19-478E-AD87-84FFB4909929}.Debug|Any CPU.Build.0 = Debug|Any CPU
		{C7BCBEFC-4F19-478E-AD87-84FFB4909929}.Release|Any CPU.ActiveCfg = Release|Any CPU
		{C7BCBEFC-4F19-478E-AD87-84FFB4909929}.Release|Any CPU.Build.0 = Release|Any CPU
		{0760E77B-38F2-48DE-A2FB-EEA8D8BEAE53}.Debug|Any CPU.ActiveCfg = Debug|Any CPU
		{0760E77B-38F2-48DE-A2FB-EEA8D8BEAE53}.Debug|Any CPU.Build.0 = Debug|Any CPU
		{0760E77B-38F2-48DE-A2FB-EEA8D8BEAE53}.Release|Any CPU.ActiveCfg = Release|Any CPU
		{0760E77B-38F2-48DE-A2FB-EEA8D8BEAE53}.Release|Any CPU.Build.0 = Release|Any CPU
		{27E81E47-89E2-4932-82FC-300EB1588ABE}.Debug|Any CPU.ActiveCfg = Debug|Any CPU
		{27E81E47-89E2-4932-82FC-300EB1588ABE}.Debug|Any CPU.Build.0 = Debug|Any CPU
		{27E81E47-89E2-4932-82FC-300EB1588ABE}.Release|Any CPU.ActiveCfg = Release|Any CPU
		{27E81E47-89E2-4932-82FC-300EB1588ABE}.Release|Any CPU.Build.0 = Release|Any CPU
	EndGlobalSection
	GlobalSection(SolutionProperties) = preSolution
		HideSolutionNode = FALSE
	EndGlobalSection
	GlobalSection(ExtensibilityGlobals) = postSolution
		SolutionGuid = {ABBBD18C-DD97-4702-857C-A066EBC9B970}
	EndGlobalSection
EndGlobal
