
Microsoft Visual Studio Solution File, Format Version 12.00
# Visual Studio Version 16
VisualStudioVersion = 16.0.31515.178
MinimumVisualStudioVersion = 10.0.40219.1
Project("{FAE04EC0-301F-11D3-BF4B-00C04F79EFBC}") = "C21_Ex02", "C21_Ex02\C21_Ex02.csproj", "{BF08776B-5A14-461E-B8F3-6E6F8BB21502}"
EndProject
Global
	GlobalSection(SolutionConfigurationPlatforms) = preSolution
		Debug|Any CPU = Debug|Any CPU
		Release|Any CPU = Release|Any CPU
	EndGlobalSection
	GlobalSection(ProjectConfigurationPlatforms) = postSolution
		{BF08776B-5A14-461E-B8F3-6E6F8BB21502}.Debug|Any CPU.ActiveCfg = Debug|Any CPU
		{BF08776B-5A14-461E-B8F3-6E6F8BB21502}.Debug|Any CPU.Build.0 = Debug|Any CPU
		{BF08776B-5A14-461E-B8F3-6E6F8BB21502}.Release|Any CPU.ActiveCfg = Release|Any CPU
		{BF08776B-5A14-461E-B8F3-6E6F8BB21502}.Release|Any CPU.Build.0 = Release|Any CPU
	EndGlobalSection
	GlobalSection(SolutionProperties) = preSolution
		HideSolutionNode = FALSE
	EndGlobalSection
	GlobalSection(ExtensibilityGlobals) = postSolution
		SolutionGuid = {67B1FE4C-4982-492A-837E-E20C46A92488}
	EndGlobalSection
EndGlobal
